
Microsoft Visual Studio Solution File, Format Version 12.00
Project("{FAE04EC0-301F-11D3-BF4B-00C04F79EFBC}") = "ConsoleApp", "ConsoleApp\ConsoleApp.csproj", "{ED917F7B-75F3-48BD-B105-813370ACAF5C}"
EndProject
Project("{FAE04EC0-301F-11D3-BF4B-00C04F79EFBC}") = "MenuSystem", "MenuSystem\MenuSystem.csproj", "{8A4F1A37-DF71-41C0-B9ED-377CC192002C}"
EndProject
Project("{FAE04EC0-301F-11D3-BF4B-00C04F79EFBC}") = "GameBrain", "GameBrain\GameBrain.csproj", "{D0D157BE-B3FC-4B3E-86FA-D32AEA280EEA}"
EndProject
Project("{2150E333-8FDC-42A3-9474-1A3956D46DE8}") = "Solution Folder", "Solution Folder", "{675E08AE-05A2-4896-83F7-F2D5F541FC48}"
	ProjectSection(SolutionItems) = preProject
		Directory.Build.props = Directory.Build.props
	EndProjectSection
EndProject
Project("{FAE04EC0-301F-11D3-BF4B-00C04F79EFBC}") = "ConsoleUI", "ConsoleUI\ConsoleUI.csproj", "{B0F31112-60BE-4544-84D0-4A082529933B}"
EndProject
Project("{FAE04EC0-301F-11D3-BF4B-00C04F79EFBC}") = "DAL", "DAL\DAL.csproj", "{BCA8F7E7-C95B-4D5A-A453-643D9BC6962B}"
EndProject
Project("{FAE04EC0-301F-11D3-BF4B-00C04F79EFBC}") = "DAL.FileSystem", "DAL.FileSystem\DAL.FileSystem.csproj", "{9EE89694-62A4-4B14-9E5B-ACE34171CBA2}"
EndProject
Project("{FAE04EC0-301F-11D3-BF4B-00C04F79EFBC}") = "DAL.Db", "DAL.Db\DAL.Db.csproj", "{D8FA3E6C-FA31-4B67-AEF4-293262AC3715}"
EndProject
Project("{FAE04EC0-301F-11D3-BF4B-00C04F79EFBC}") = "Domain", "Domain\Domain.csproj", "{E4F382C6-B9CE-4F3A-B761-73FA9925F85F}"
EndProject
Project("{FAE04EC0-301F-11D3-BF4B-00C04F79EFBC}") = "WebApp", "WebApp\WebApp.csproj", "{AEBEA783-1CBC-4016-AAD0-910E5399675C}"
EndProject
Global
	GlobalSection(SolutionConfigurationPlatforms) = preSolution
		Debug|Any CPU = Debug|Any CPU
		Release|Any CPU = Release|Any CPU
	EndGlobalSection
	GlobalSection(ProjectConfigurationPlatforms) = postSolution
		{ED917F7B-75F3-48BD-B105-813370ACAF5C}.Debug|Any CPU.ActiveCfg = Debug|Any CPU
		{ED917F7B-75F3-48BD-B105-813370ACAF5C}.Debug|Any CPU.Build.0 = Debug|Any CPU
		{ED917F7B-75F3-48BD-B105-813370ACAF5C}.Release|Any CPU.ActiveCfg = Release|Any CPU
		{ED917F7B-75F3-48BD-B105-813370ACAF5C}.Release|Any CPU.Build.0 = Release|Any CPU
		{8A4F1A37-DF71-41C0-B9ED-377CC192002C}.Debug|Any CPU.ActiveCfg = Debug|Any CPU
		{8A4F1A37-DF71-41C0-B9ED-377CC192002C}.Debug|Any CPU.Build.0 = Debug|Any CPU
		{8A4F1A37-DF71-41C0-B9ED-377CC192002C}.Release|Any CPU.ActiveCfg = Release|Any CPU
		{8A4F1A37-DF71-41C0-B9ED-377CC192002C}.Release|Any CPU.Build.0 = Release|Any CPU
		{D0D157BE-B3FC-4B3E-86FA-D32AEA280EEA}.Debug|Any CPU.ActiveCfg = Debug|Any CPU
		{D0D157BE-B3FC-4B3E-86FA-D32AEA280EEA}.Debug|Any CPU.Build.0 = Debug|Any CPU
		{D0D157BE-B3FC-4B3E-86FA-D32AEA280EEA}.Release|Any CPU.ActiveCfg = Release|Any CPU
		{D0D157BE-B3FC-4B3E-86FA-D32AEA280EEA}.Release|Any CPU.Build.0 = Release|Any CPU
		{B0F31112-60BE-4544-84D0-4A082529933B}.Debug|Any CPU.ActiveCfg = Debug|Any CPU
		{B0F31112-60BE-4544-84D0-4A082529933B}.Debug|Any CPU.Build.0 = Debug|Any CPU
		{B0F31112-60BE-4544-84D0-4A082529933B}.Release|Any CPU.ActiveCfg = Release|Any CPU
		{B0F31112-60BE-4544-84D0-4A082529933B}.Release|Any CPU.Build.0 = Release|Any CPU
		{BCA8F7E7-C95B-4D5A-A453-643D9BC6962B}.Debug|Any CPU.ActiveCfg = Debug|Any CPU
		{BCA8F7E7-C95B-4D5A-A453-643D9BC6962B}.Debug|Any CPU.Build.0 = Debug|Any CPU
		{BCA8F7E7-C95B-4D5A-A453-643D9BC6962B}.Release|Any CPU.ActiveCfg = Release|Any CPU
		{BCA8F7E7-C95B-4D5A-A453-643D9BC6962B}.Release|Any CPU.Build.0 = Release|Any CPU
		{9EE89694-62A4-4B14-9E5B-ACE34171CBA2}.Debug|Any CPU.ActiveCfg = Debug|Any CPU
		{9EE89694-62A4-4B14-9E5B-ACE34171CBA2}.Debug|Any CPU.Build.0 = Debug|Any CPU
		{9EE89694-62A4-4B14-9E5B-ACE34171CBA2}.Release|Any CPU.ActiveCfg = Release|Any CPU
		{9EE89694-62A4-4B14-9E5B-ACE34171CBA2}.Release|Any CPU.Build.0 = Release|Any CPU
		{D8FA3E6C-FA31-4B67-AEF4-293262AC3715}.Debug|Any CPU.ActiveCfg = Debug|Any CPU
		{D8FA3E6C-FA31-4B67-AEF4-293262AC3715}.Debug|Any CPU.Build.0 = Debug|Any CPU
		{D8FA3E6C-FA31-4B67-AEF4-293262AC3715}.Release|Any CPU.ActiveCfg = Release|Any CPU
		{D8FA3E6C-FA31-4B67-AEF4-293262AC3715}.Release|Any CPU.Build.0 = Release|Any CPU
		{E4F382C6-B9CE-4F3A-B761-73FA9925F85F}.Debug|Any CPU.ActiveCfg = Debug|Any CPU
		{E4F382C6-B9CE-4F3A-B761-73FA9925F85F}.Debug|Any CPU.Build.0 = Debug|Any CPU
		{E4F382C6-B9CE-4F3A-B761-73FA9925F85F}.Release|Any CPU.ActiveCfg = Release|Any CPU
		{E4F382C6-B9CE-4F3A-B761-73FA9925F85F}.Release|Any CPU.Build.0 = Release|Any CPU
		{AEBEA783-1CBC-4016-AAD0-910E5399675C}.Debug|Any CPU.ActiveCfg = Debug|Any CPU
		{AEBEA783-1CBC-4016-AAD0-910E5399675C}.Debug|Any CPU.Build.0 = Debug|Any CPU
		{AEBEA783-1CBC-4016-AAD0-910E5399675C}.Release|Any CPU.ActiveCfg = Release|Any CPU
		{AEBEA783-1CBC-4016-AAD0-910E5399675C}.Release|Any CPU.Build.0 = Release|Any CPU
	EndGlobalSection
EndGlobal
